
Microsoft Visual Studio Solution File, Format Version 10.00
# Visual C++ Express 2008
Project("{8BC9CEB8-8B4A-11D0-8D11-00A0C91BC942}") = "hook", "hook\hook.vcproj", "{DA9F2A93-A738-4533-9BA9-5E0D687A338C}"
EndProject
Global
	GlobalSection(SolutionConfigurationPlatforms) = preSolution
		Debug|Win32 = Debug|Win32
		Release|Win32 = Release|Win32
	EndGlobalSection
	GlobalSection(ProjectConfigurationPlatforms) = postSolution
		{DA9F2A93-A738-4533-9BA9-5E0D687A338C}.Debug|Win32.ActiveCfg = Debug|Win32
		{DA9F2A93-A738-4533-9BA9-5E0D687A338C}.Debug|Win32.Build.0 = Debug|Win32
		{DA9F2A93-A738-4533-9BA9-5E0D687A338C}.Release|Win32.ActiveCfg = Release|Win32
		{DA9F2A93-A738-4533-9BA9-5E0D687A338C}.Release|Win32.Build.0 = Release|Win32
	EndGlobalSection
	GlobalSection(SolutionProperties) = preSolution
		HideSolutionNode = FALSE
	EndGlobalSection
EndGlobal
